// !$*UTF8*$!
{
	archiveVersion = 1;
	classes = {
	};
	objectVersion = 50;
	objects = {

/* Begin PBXBuildFile section */
		FF96B19C25342FA700E79AAA /* AppDelegate.swift in Sources */ = {isa = PBXBuildFile; fileRef = FF96B19B25342FA700E79AAA /* AppDelegate.swift */; };
		FF96B19E25342FA700E79AAA /* SceneDelegate.swift in Sources */ = {isa = PBXBuildFile; fileRef = FF96B19D25342FA700E79AAA /* SceneDelegate.swift */; };
		FF96B1A025342FA700E79AAA /* ViewController.swift in Sources */ = {isa = PBXBuildFile; fileRef = FF96B19F25342FA700E79AAA /* ViewController.swift */; };
		FF96B1A325342FA700E79AAA /* Main.storyboard in Resources */ = {isa = PBXBuildFile; fileRef = FF96B1A125342FA700E79AAA /* Main.storyboard */; };
		FF96B1A525342FA800E79AAA /* Assets.xcassets in Resources */ = {isa = PBXBuildFile; fileRef = FF96B1A425342FA800E79AAA /* Assets.xcassets */; };
		FF96B1A825342FA800E79AAA /* LaunchScreen.storyboard in Resources */ = {isa = PBXBuildFile; fileRef = FF96B1A625342FA800E79AAA /* LaunchScreen.storyboard */; };
/* End PBXBuildFile section */

/* Begin PBXFileReference section */
		FF96B19825342FA700E79AAA /* yutayutaProject1.app */ = {isa = PBXFileReference; explicitFileType = wrapper.application; includeInIndex = 0; path = yutayutaProject1.app; sourceTree = BUILT_PRODUCTS_DIR; };
		FF96B19B25342FA700E79AAA /* AppDelegate.swift */ = {isa = PBXFileReference; lastKnownFileType = sourcecode.swift; path = AppDelegate.swift; sourceTree = "<group>"; };
		FF96B19D25342FA700E79AAA /* SceneDelegate.swift */ = {isa = PBXFileReference; lastKnownFileType = sourcecode.swift; path = SceneDelegate.swift; sourceTree = "<group>"; };
		FF96B19F25342FA700E79AAA /* ViewController.swift */ = {isa = PBXFileReference; lastKnownFileType = sourcecode.swift; path = ViewController.swift; sourceTree = "<group>"; };
		FF96B1A225342FA700E79AAA /* Base */ = {isa = PBXFileReference; lastKnownFileType = file.storyboard; name = Base; path = Base.lproj/Main.storyboard; sourceTree = "<group>"; };
		FF96B1A425342FA800E79AAA /* Assets.xcassets */ = {isa = PBXFileReference; lastKnownFileType = folder.assetcatalog; path = Assets.xcassets; sourceTree = "<group>"; };
		FF96B1A725342FA800E79AAA /* Base */ = {isa = PBXFileReference; lastKnownFileType = file.storyboard; name = Base; path = Base.lproj/LaunchScreen.storyboard; sourceTree = "<group>"; };
		FF96B1A925342FA800E79AAA /* Info.plist */ = {isa = PBXFileReference; lastKnownFileType = text.plist.xml; path = Info.plist; sourceTree = "<group>"; };
/* End PBXFileReference section */

/* Begin PBXFrameworksBuildPhase section */
		FF96B19525342FA700E79AAA /* Frameworks */ = {
			isa = PBXFrameworksBuildPhase;
			buildActionMask = 2147483647;
			files = (
			);
			runOnlyForDeploymentPostprocessing = 0;
		};
/* End PBXFrameworksBuildPhase section */

/* Begin PBXGroup section */
		FF96B18F25342FA700E79AAA = {
			isa = PBXGroup;
			children = (
				FF96B19A25342FA700E79AAA /* yutayutaProject1 */,
				FF96B19925342FA700E79AAA /* Products */,
			);
			sourceTree = "<group>";
		};
		FF96B19925342FA700E79AAA /* Products */ = {
			isa = PBXGroup;
			children = (
				FF96B19825342FA700E79AAA /* yutayutaProject1.app */,
			);
			name = Products;
			sourceTree = "<group>";
		};
		FF96B19A25342FA700E79AAA /* yutayutaProject1 */ = {
			isa = PBXGroup;
			children = (
				FF96B19B25342FA700E79AAA /* AppDelegate.swift */,
				FF96B19D25342FA700E79AAA /* SceneDelegate.swift */,
				FF96B19F25342FA700E79AAA /* ViewController.swift */,
				FF96B1A125342FA700E79AAA /* Main.storyboard */,
				FF96B1A425342FA800E79AAA /* Assets.xcassets */,
				FF96B1A625342FA800E79AAA /* LaunchScreen.storyboard */,
				FF96B1A925342FA800E79AAA /* Info.plist */,
			);
			path = yutayutaProject1;
			sourceTree = "<group>";
		};
/* End PBXGroup section */

/* Begin PBXNativeTarget section */
		FF96B19725342FA700E79AAA /* yutayutaProject1 */ = {
			isa = PBXNativeTarget;
			buildConfigurationList = FF96B1AC25342FA800E79AAA /* Build configuration list for PBXNativeTarget "yutayutaProject1" */;
			buildPhases = (
				FF96B19425342FA700E79AAA /* Sources */,
				FF96B19525342FA700E79AAA /* Frameworks */,
				FF96B19625342FA700E79AAA /* Resources */,
			);
			buildRules = (
			);
			dependencies = (
			);
			name = yutayutaProject1;
			productName = yutayutaProject1;
			productReference = FF96B19825342FA700E79AAA /* yutayutaProject1.app */;
			productType = "com.apple.product-type.application";
		};
/* End PBXNativeTarget section */

/* Begin PBXProject section */
		FF96B19025342FA700E79AAA /* Project object */ = {
			isa = PBXProject;
			attributes = {
				LastSwiftUpdateCheck = 1170;
				LastUpgradeCheck = 1170;
				ORGANIZATIONNAME = takatomo.com;
				TargetAttributes = {
					FF96B19725342FA700E79AAA = {
						CreatedOnToolsVersion = 11.7;
					};
				};
			};
			buildConfigurationList = FF96B19325342FA700E79AAA /* Build configuration list for PBXProject "yutayutaProject1" */;
			compatibilityVersion = "Xcode 9.3";
			developmentRegion = en;
			hasScannedForEncodings = 0;
			knownRegions = (
				en,
				Base,
			);
			mainGroup = FF96B18F25342FA700E79AAA;
			productRefGroup = FF96B19925342FA700E79AAA /* Products */;
			projectDirPath = "";
			projectRoot = "";
			targets = (
				FF96B19725342FA700E79AAA /* yutayutaProject1 */,
			);
		};
/* End PBXProject section */

/* Begin PBXResourcesBuildPhase section */
		FF96B19625342FA700E79AAA /* Resources */ = {
			isa = PBXResourcesBuildPhase;
			buildActionMask = 2147483647;
			files = (
				FF96B1A825342FA800E79AAA /* LaunchScreen.storyboard in Resources */,
				FF96B1A525342FA800E79AAA /* Assets.xcassets in Resources */,
				FF96B1A325342FA700E79AAA /* Main.storyboard in Resources */,
			);
			runOnlyForDeploymentPostprocessing = 0;
		};
/* End PBXResourcesBuildPhase section */

/* Begin PBXSourcesBuildPhase section */
		FF96B19425342FA700E79AAA /* Sources */ = {
			isa = PBXSourcesBuildPhase;
			buildActionMask = 2147483647;
			files = (
				FF96B1A025342FA700E79AAA /* ViewController.swift in Sources */,
				FF96B19C25342FA700E79AAA /* AppDelegate.swift in Sources */,
				FF96B19E25342FA700E79AAA /* SceneDelegate.swift in Sources */,
			);
			runOnlyForDeploymentPostprocessing = 0;
		};
/* End PBXSourcesBuildPhase section */

/* Begin PBXVariantGroup section */
		FF96B1A125342FA700E79AAA /* Main.storyboard */ = {
			isa = PBXVariantGroup;
			children = (
				FF96B1A225342FA700E79AAA /* Base */,
			);
			name = Main.storyboard;
			sourceTree = "<group>";
		};
		FF96B1A625342FA800E79AAA /* LaunchScreen.storyboard */ = {
			isa = PBXVariantGroup;
			children = (
				FF96B1A725342FA800E79AAA /* Base */,
			);
			name = LaunchScreen.storyboard;
			sourceTree = "<group>";
		};
/* End PBXVariantGroup section */

/* Begin XCBuildConfiguration section */
		FF96B1AA25342FA800E79AAA /* Debug */ = {
			isa = XCBuildConfiguration;
			buildSettings = {
				ALWAYS_SEARCH_USER_PATHS = NO;
				CLANG_ANALYZER_NONNULL = YES;
				CLANG_ANALYZER_NUMBER_OBJECT_CONVERSION = YES_AGGRESSIVE;
				CLANG_CXX_LANGUAGE_STANDARD = "gnu++14";
				CLANG_CXX_LIBRARY = "libc++";
				CLANG_ENABLE_MODULES = YES;
				CLANG_ENABLE_OBJC_ARC = YES;
				CLANG_ENABLE_OBJC_WEAK = YES;
				CLANG_WARN_BLOCK_CAPTURE_AUTORELEASING = YES;
				CLANG_WARN_BOOL_CONVERSION = YES;
				CLANG_WARN_COMMA = YES;
				CLANG_WARN_CONSTANT_CONVERSION = YES;
				CLANG_WARN_DEPRECATED_OBJC_IMPLEMENTATIONS = YES;
				CLANG_WARN_DIRECT_OBJC_ISA_USAGE = YES_ERROR;
				CLANG_WARN_DOCUMENTATION_COMMENTS = YES;
				CLANG_WARN_EMPTY_BODY = YES;
				CLANG_WARN_ENUM_CONVERSION = YES;
				CLANG_WARN_INFINITE_RECURSION = YES;
				CLANG_WARN_INT_CONVERSION = YES;
				CLANG_WARN_NON_LITERAL_NULL_CONVERSION = YES;
				CLANG_WARN_OBJC_IMPLICIT_RETAIN_SELF = YES;
				CLANG_WARN_OBJC_LITERAL_CONVERSION = YES;
				CLANG_WARN_OBJC_ROOT_CLASS = YES_ERROR;
				CLANG_WARN_RANGE_LOOP_ANALYSIS = YES;
				CLANG_WARN_STRICT_PROTOTYPES = YES;
				CLANG_WARN_SUSPICIOUS_MOVE = YES;
				CLANG_WARN_UNGUARDED_AVAILABILITY = YES_AGGRESSIVE;
				CLANG_WARN_UNREACHABLE_CODE = YES;
				CLANG_WARN__DUPLICATE_METHOD_MATCH = YES;
				COPY_PHASE_STRIP = NO;
				DEBUG_INFORMATION_FORMAT = dwarf;
				ENABLE_STRICT_OBJC_MSGSEND = YES;
				ENABLE_TESTABILITY = YES;
				GCC_C_LANGUAGE_STANDARD = gnu11;
				GCC_DYNAMIC_NO_PIC = NO;
				GCC_NO_COMMON_BLOCKS = YES;
				GCC_OPTIMIZATION_LEVEL = 0;
				GCC_PREPROCESSOR_DEFINITIONS = (
					"DEBUG=1",
					"$(inherited)",
				);
				GCC_WARN_64_TO_32_BIT_CONVERSION = YES;
				GCC_WARN_ABOUT_RETURN_TYPE = YES_ERROR;
				GCC_WARN_UNDECLARED_SELECTOR = YES;
				GCC_WARN_UNINITIALIZED_AUTOS = YES_AGGRESSIVE;
				GCC_WARN_UNUSED_FUNCTION = YES;
				GCC_WARN_UNUSED_VARIABLE = YES;
				IPHONEOS_DEPLOYMENT_TARGET = 13.7;
				MTL_ENABLE_DEBUG_INFO = INCLUDE_SOURCE;
				MTL_FAST_MATH = YES;
				ONLY_ACTIVE_ARCH = YES;
				SDKROOT = iphoneos;
				SWIFT_ACTIVE_COMPILATION_CONDITIONS = DEBUG;
				SWIFT_OPTIMIZATION_LEVEL = "-Onone";
			};
			name = Debug;
		};
		FF96B1AB25342FA800E79AAA /* Release */ = {
			isa = XCBuildConfiguration;
			buildSettings = {
				ALWAYS_SEARCH_USER_PATHS = NO;
				CLANG_ANALYZER_NONNULL = YES;
				CLANG_ANALYZER_NUMBER_OBJECT_CONVERSION = YES_AGGRESSIVE;
				CLANG_CXX_LANGUAGE_STANDARD = "gnu++14";
				CLANG_CXX_LIBRARY = "libc++";
				CLANG_ENABLE_MODULES = YES;
				CLANG_ENABLE_OBJC_ARC = YES;
				CLANG_ENABLE_OBJC_WEAK = YES;
				CLANG_WARN_BLOCK_CAPTURE_AUTORELEASING = YES;
				CLANG_WARN_BOOL_CONVERSION = YES;
				CLANG_WARN_COMMA = YES;
				CLANG_WARN_CONSTANT_CONVERSION = YES;
				CLANG_WARN_DEPRECATED_OBJC_IMPLEMENTATIONS = YES;
				CLANG_WARN_DIRECT_OBJC_ISA_USAGE = YES_ERROR;
				CLANG_WARN_DOCUMENTATION_COMMENTS = YES;
				CLANG_WARN_EMPTY_BODY = YES;
				CLANG_WARN_ENUM_CONVERSION = YES;
				CLANG_WARN_INFINITE_RECURSION = YES;
				CLANG_WARN_INT_CONVERSION = YES;
				CLANG_WARN_NON_LITERAL_NULL_CONVERSION = YES;
				CLANG_WARN_OBJC_IMPLICIT_RETAIN_SELF = YES;
				CLANG_WARN_OBJC_LITERAL_CONVERSION = YES;
				CLANG_WARN_OBJC_ROOT_CLASS = YES_ERROR;
				CLANG_WARN_RANGE_LOOP_ANALYSIS = YES;
				CLANG_WARN_STRICT_PROTOTYPES = YES;
				CLANG_WARN_SUSPICIOUS_MOVE = YES;
				CLANG_WARN_UNGUARDED_AVAILABILITY = YES_AGGRESSIVE;
				CLANG_WARN_UNREACHABLE_CODE = YES;
				CLANG_WARN__DUPLICATE_METHOD_MATCH = YES;
				COPY_PHASE_STRIP = NO;
				DEBUG_INFORMATION_FORMAT = "dwarf-with-dsym";
				ENABLE_NS_ASSERTIONS = NO;
				ENABLE_STRICT_OBJC_MSGSEND = YES;
				GCC_C_LANGUAGE_STANDARD = gnu11;
				GCC_NO_COMMON_BLOCKS = YES;
				GCC_WARN_64_TO_32_BIT_CONVERSION = YES;
				GCC_WARN_ABOUT_RETURN_TYPE = YES_ERROR;
				GCC_WARN_UNDECLARED_SELECTOR = YES;
				GCC_WARN_UNINITIALIZED_AUTOS = YES_AGGRESSIVE;
				GCC_WARN_UNUSED_FUNCTION = YES;
				GCC_WARN_UNUSED_VARIABLE = YES;
				IPHONEOS_DEPLOYMENT_TARGET = 13.7;
				MTL_ENABLE_DEBUG_INFO = NO;
				MTL_FAST_MATH = YES;
				SDKROOT = iphoneos;
				SWIFT_COMPILATION_MODE = wholemodule;
				SWIFT_OPTIMIZATION_LEVEL = "-O";
				VALIDATE_PRODUCT = YES;
			};
			name = Release;
		};
		FF96B1AD25342FA800E79AAA /* Debug */ = {
			isa = XCBuildConfiguration;
			buildSettings = {
				ASSETCATALOG_COMPILER_APPICON_NAME = AppIcon;
				CODE_SIGN_STYLE = Automatic;
				DEVELOPMENT_TEAM = RAJ427P43U;
				INFOPLIST_FILE = yutayutaProject1/Info.plist;
				LD_RUNPATH_SEARCH_PATHS = (
					"$(inherited)",
					"@executable_path/Frameworks",
				);
				PRODUCT_BUNDLE_IDENTIFIER = com.takatomo.yutayutaProject1;
				PRODUCT_NAME = "$(TARGET_NAME)";
				SWIFT_VERSION = 5.0;
				TARGETED_DEVICE_FAMILY = "1,2";
			};
			name = Debug;
		};
		FF96B1AE25342FA800E79AAA /* Release */ = {
			isa = XCBuildConfiguration;
			buildSettings = {
				ASSETCATALOG_COMPILER_APPICON_NAME = AppIcon;
				CODE_SIGN_STYLE = Automatic;
				DEVELOPMENT_TEAM = RAJ427P43U;
				INFOPLIST_FILE = yutayutaProject1/Info.plist;
				LD_RUNPATH_SEARCH_PATHS = (
					"$(inherited)",
					"@executable_path/Frameworks",
				);
				PRODUCT_BUNDLE_IDENTIFIER = com.takatomo.yutayutaProject1;
				PRODUCT_NAME = "$(TARGET_NAME)";
				SWIFT_VERSION = 5.0;
				TARGETED_DEVICE_FAMILY = "1,2";
			};
			name = Release;
		};
/* End XCBuildConfiguration section */

/* Begin XCConfigurationList section */
		FF96B19325342FA700E79AAA /* Build configuration list for PBXProject "yutayutaProject1" */ = {
			isa = XCConfigurationList;
			buildConfigurations = (
				FF96B1AA25342FA800E79AAA /* Debug */,
				FF96B1AB25342FA800E79AAA /* Release */,
			);
			defaultConfigurationIsVisible = 0;
			defaultConfigurationName = Release;
		};
		FF96B1AC25342FA800E79AAA /* Build configuration list for PBXNativeTarget "yutayutaProject1" */ = {
			isa = XCConfigurationList;
			buildConfigurations = (
				FF96B1AD25342FA800E79AAA /* Debug */,
				FF96B1AE25342FA800E79AAA /* Release */,
			);
			defaultConfigurationIsVisible = 0;
			defaultConfigurationName = Release;
		};
/* End XCConfigurationList section */
	};
	rootObject = FF96B19025342FA700E79AAA /* Project object */;
}
